
Microsoft Visual Studio Solution File, Format Version 12.00
# Visual Studio Version 17
VisualStudioVersion = 17.7.34018.315
MinimumVisualStudioVersion = 10.0.40219.1
Project("{FAE04EC0-301F-11D3-BF4B-00C04F79EFBC}") = "MyFirstProject", "MyFirstProject\MyFirstProject.csproj", "{32866ECC-9D24-4DC3-BEE5-06AB5E1F149B}"
EndProject
Global
	GlobalSection(SolutionConfigurationPlatforms) = preSolution
		Debug|Any CPU = Debug|Any CPU
		Release|Any CPU = Release|Any CPU
	EndGlobalSection
	GlobalSection(ProjectConfigurationPlatforms) = postSolution
		{32866ECC-9D24-4DC3-BEE5-06AB5E1F149B}.Debug|Any CPU.ActiveCfg = Debug|Any CPU
		{32866ECC-9D24-4DC3-BEE5-06AB5E1F149B}.Debug|Any CPU.Build.0 = Debug|Any CPU
		{32866ECC-9D24-4DC3-BEE5-06AB5E1F149B}.Release|Any CPU.ActiveCfg = Release|Any CPU
		{32866ECC-9D24-4DC3-BEE5-06AB5E1F149B}.Release|Any CPU.Build.0 = Release|Any CPU
	EndGlobalSection
	GlobalSection(SolutionProperties) = preSolution
		HideSolutionNode = FALSE
	EndGlobalSection
	GlobalSection(ExtensibilityGlobals) = postSolution
		SolutionGuid = {66D28F18-E362-4AC2-BADE-4154077744D4}
	EndGlobalSection
EndGlobal
